
Microsoft Visual Studio Solution File, Format Version 12.00
# Visual Studio Version 17
VisualStudioVersion = 17.13.35931.197
MinimumVisualStudioVersion = 10.0.40219.1
Project("{2150E333-8FDC-42A3-9474-1A3956D46DE8}") = "FrontEnd", "FrontEnd", "{02EA681E-C7D8-13C7-8484-4AC65E1B71E8}"
EndProject
Project("{2150E333-8FDC-42A3-9474-1A3956D46DE8}") = "Services", "Services", "{5AF2FC6D-09E7-450D-B21D-02199D26C4A8}"
EndProject
Project("{2150E333-8FDC-42A3-9474-1A3956D46DE8}") = "Integration", "Integration", "{BF92C0F3-A681-42D1-94A4-E6EAA5CFE6EE}"
EndProject
Project("{2150E333-8FDC-42A3-9474-1A3956D46DE8}") = "Gateway", "Gateway", "{64E48DC0-B825-4FAB-BB94-AA3AC2223760}"
EndProject
Project("{FAE04EC0-301F-11D3-BF4B-00C04F79EFBC}") = "Application.Microservices.Services.CouponAPI", "Application.Microservices.Services.CouponAPI\Application.Microservices.Services.CouponAPI.csproj", "{9B1D0A6A-C6CE-42FB-ABBC-4F2BDCA5194D}"
EndProject
Project("{FAE04EC0-301F-11D3-BF4B-00C04F79EFBC}") = "Application.Microservices.Web", "Application.Microservices.Web\Application.Microservices.Web.csproj", "{839B5F2D-DE80-465A-8002-38A32321D9CD}"
EndProject
Project("{FAE04EC0-301F-11D3-BF4B-00C04F79EFBC}") = "Application.Microservices.Services.AuthAPI", "Application.Microservices.Services.AuthAPI\Application.Microservices.Services.AuthAPI.csproj", "{9E0B899E-C706-4DFD-B8ED-E7392314305F}"
	ProjectSection(ProjectDependencies) = postProject
		{92956739-0851-4BF3-B42D-64E4B614D8E4} = {92956739-0851-4BF3-B42D-64E4B614D8E4}
	EndProjectSection
EndProject
Project("{FAE04EC0-301F-11D3-BF4B-00C04F79EFBC}") = "Application.Microservices.Services.ProductAPI", "Application.Microservices.Services.ProductAPI\Application.Microservices.Services.ProductAPI.csproj", "{0108FFFA-16E7-4BB0-BDAA-042468FC2121}"
EndProject
Project("{FAE04EC0-301F-11D3-BF4B-00C04F79EFBC}") = "Application.Microservices.Services.ShoppingCartAPI", "Application.Microservices.Services.ShoppingCartAPI\Application.Microservices.Services.ShoppingCartAPI.csproj", "{5C6BE5E9-FC26-4484-855F-E6564153C585}"
	ProjectSection(ProjectDependencies) = postProject
		{92956739-0851-4BF3-B42D-64E4B614D8E4} = {92956739-0851-4BF3-B42D-64E4B614D8E4}
	EndProjectSection
EndProject
Project("{FAE04EC0-301F-11D3-BF4B-00C04F79EFBC}") = "Application.Microservices.Services.OrderAPI", "Application.Microservices.Services.OrderAPI\Application.Microservices.Services.OrderAPI.csproj", "{615F6F7E-CF0D-4E3E-B368-1B749C034AF1}"
	ProjectSection(ProjectDependencies) = postProject
		{92956739-0851-4BF3-B42D-64E4B614D8E4} = {92956739-0851-4BF3-B42D-64E4B614D8E4}
	EndProjectSection
EndProject
Project("{FAE04EC0-301F-11D3-BF4B-00C04F79EFBC}") = "Applicatin.Microservices.Integration.MessageBus", "Applicatin.Microservices.Integration.MessageBus\Applicatin.Microservices.Integration.MessageBus.csproj", "{92956739-0851-4BF3-B42D-64E4B614D8E4}"
EndProject
Project("{FAE04EC0-301F-11D3-BF4B-00C04F79EFBC}") = "Application.Microservices.Services.EmailAPI", "Application.Microservices.Services.EmailAPI\Application.Microservices.Services.EmailAPI.csproj", "{18F35E25-A746-45DB-9BF4-FE28D6528067}"
EndProject
Project("{FAE04EC0-301F-11D3-BF4B-00C04F79EFBC}") = "Application.Microservices.Services.RewardAPI", "Application.Microservices.Services.RewardAPI\Application.Microservices.Services.RewardAPI.csproj", "{76AF115E-11EF-4A87-99A9-16FD37C0B986}"
EndProject
Project("{FAE04EC0-301F-11D3-BF4B-00C04F79EFBC}") = "Application.Microservices.GatewaySolution", "Application.Microservices.GatewaySolution\Application.Microservices.GatewaySolution.csproj", "{AE188564-C600-436E-8CD9-B9F29E7E29BC}"
EndProject
Global
	GlobalSection(SolutionConfigurationPlatforms) = preSolution
		Debug|Any CPU = Debug|Any CPU
		Release|Any CPU = Release|Any CPU
	EndGlobalSection
	GlobalSection(ProjectConfigurationPlatforms) = postSolution
		{9B1D0A6A-C6CE-42FB-ABBC-4F2BDCA5194D}.Debug|Any CPU.ActiveCfg = Debug|Any CPU
		{9B1D0A6A-C6CE-42FB-ABBC-4F2BDCA5194D}.Debug|Any CPU.Build.0 = Debug|Any CPU
		{9B1D0A6A-C6CE-42FB-ABBC-4F2BDCA5194D}.Release|Any CPU.ActiveCfg = Release|Any CPU
		{9B1D0A6A-C6CE-42FB-ABBC-4F2BDCA5194D}.Release|Any CPU.Build.0 = Release|Any CPU
		{839B5F2D-DE80-465A-8002-38A32321D9CD}.Debug|Any CPU.ActiveCfg = Debug|Any CPU
		{839B5F2D-DE80-465A-8002-38A32321D9CD}.Debug|Any CPU.Build.0 = Debug|Any CPU
		{839B5F2D-DE80-465A-8002-38A32321D9CD}.Release|Any CPU.ActiveCfg = Release|Any CPU
		{839B5F2D-DE80-465A-8002-38A32321D9CD}.Release|Any CPU.Build.0 = Release|Any CPU
		{9E0B899E-C706-4DFD-B8ED-E7392314305F}.Debug|Any CPU.ActiveCfg = Debug|Any CPU
		{9E0B899E-C706-4DFD-B8ED-E7392314305F}.Debug|Any CPU.Build.0 = Debug|Any CPU
		{9E0B899E-C706-4DFD-B8ED-E7392314305F}.Release|Any CPU.ActiveCfg = Release|Any CPU
		{9E0B899E-C706-4DFD-B8ED-E7392314305F}.Release|Any CPU.Build.0 = Release|Any CPU
		{0108FFFA-16E7-4BB0-BDAA-042468FC2121}.Debug|Any CPU.ActiveCfg = Debug|Any CPU
		{0108FFFA-16E7-4BB0-BDAA-042468FC2121}.Debug|Any CPU.Build.0 = Debug|Any CPU
		{0108FFFA-16E7-4BB0-BDAA-042468FC2121}.Release|Any CPU.ActiveCfg = Release|Any CPU
		{0108FFFA-16E7-4BB0-BDAA-042468FC2121}.Release|Any CPU.Build.0 = Release|Any CPU
		{5C6BE5E9-FC26-4484-855F-E6564153C585}.Debug|Any CPU.ActiveCfg = Debug|Any CPU
		{5C6BE5E9-FC26-4484-855F-E6564153C585}.Debug|Any CPU.Build.0 = Debug|Any CPU
		{5C6BE5E9-FC26-4484-855F-E6564153C585}.Release|Any CPU.ActiveCfg = Release|Any CPU
		{5C6BE5E9-FC26-4484-855F-E6564153C585}.Release|Any CPU.Build.0 = Release|Any CPU
		{615F6F7E-CF0D-4E3E-B368-1B749C034AF1}.Debug|Any CPU.ActiveCfg = Debug|Any CPU
		{615F6F7E-CF0D-4E3E-B368-1B749C034AF1}.Debug|Any CPU.Build.0 = Debug|Any CPU
		{615F6F7E-CF0D-4E3E-B368-1B749C034AF1}.Release|Any CPU.ActiveCfg = Release|Any CPU
		{615F6F7E-CF0D-4E3E-B368-1B749C034AF1}.Release|Any CPU.Build.0 = Release|Any CPU
		{92956739-0851-4BF3-B42D-64E4B614D8E4}.Debug|Any CPU.ActiveCfg = Debug|Any CPU
		{92956739-0851-4BF3-B42D-64E4B614D8E4}.Debug|Any CPU.Build.0 = Debug|Any CPU
		{92956739-0851-4BF3-B42D-64E4B614D8E4}.Release|Any CPU.ActiveCfg = Release|Any CPU
		{92956739-0851-4BF3-B42D-64E4B614D8E4}.Release|Any CPU.Build.0 = Release|Any CPU
		{18F35E25-A746-45DB-9BF4-FE28D6528067}.Debug|Any CPU.ActiveCfg = Debug|Any CPU
		{18F35E25-A746-45DB-9BF4-FE28D6528067}.Debug|Any CPU.Build.0 = Debug|Any CPU
		{18F35E25-A746-45DB-9BF4-FE28D6528067}.Release|Any CPU.ActiveCfg = Release|Any CPU
		{18F35E25-A746-45DB-9BF4-FE28D6528067}.Release|Any CPU.Build.0 = Release|Any CPU
		{76AF115E-11EF-4A87-99A9-16FD37C0B986}.Debug|Any CPU.ActiveCfg = Debug|Any CPU
		{76AF115E-11EF-4A87-99A9-16FD37C0B986}.Debug|Any CPU.Build.0 = Debug|Any CPU
		{76AF115E-11EF-4A87-99A9-16FD37C0B986}.Release|Any CPU.ActiveCfg = Release|Any CPU
		{76AF115E-11EF-4A87-99A9-16FD37C0B986}.Release|Any CPU.Build.0 = Release|Any CPU
		{AE188564-C600-436E-8CD9-B9F29E7E29BC}.Debug|Any CPU.ActiveCfg = Debug|Any CPU
		{AE188564-C600-436E-8CD9-B9F29E7E29BC}.Debug|Any CPU.Build.0 = Debug|Any CPU
		{AE188564-C600-436E-8CD9-B9F29E7E29BC}.Release|Any CPU.ActiveCfg = Release|Any CPU
		{AE188564-C600-436E-8CD9-B9F29E7E29BC}.Release|Any CPU.Build.0 = Release|Any CPU
	EndGlobalSection
	GlobalSection(SolutionProperties) = preSolution
		HideSolutionNode = FALSE
	EndGlobalSection
	GlobalSection(NestedProjects) = preSolution
		{9B1D0A6A-C6CE-42FB-ABBC-4F2BDCA5194D} = {5AF2FC6D-09E7-450D-B21D-02199D26C4A8}
		{839B5F2D-DE80-465A-8002-38A32321D9CD} = {02EA681E-C7D8-13C7-8484-4AC65E1B71E8}
		{9E0B899E-C706-4DFD-B8ED-E7392314305F} = {5AF2FC6D-09E7-450D-B21D-02199D26C4A8}
		{0108FFFA-16E7-4BB0-BDAA-042468FC2121} = {5AF2FC6D-09E7-450D-B21D-02199D26C4A8}
		{5C6BE5E9-FC26-4484-855F-E6564153C585} = {5AF2FC6D-09E7-450D-B21D-02199D26C4A8}
		{615F6F7E-CF0D-4E3E-B368-1B749C034AF1} = {5AF2FC6D-09E7-450D-B21D-02199D26C4A8}
		{92956739-0851-4BF3-B42D-64E4B614D8E4} = {BF92C0F3-A681-42D1-94A4-E6EAA5CFE6EE}
		{18F35E25-A746-45DB-9BF4-FE28D6528067} = {5AF2FC6D-09E7-450D-B21D-02199D26C4A8}
		{76AF115E-11EF-4A87-99A9-16FD37C0B986} = {5AF2FC6D-09E7-450D-B21D-02199D26C4A8}
		{AE188564-C600-436E-8CD9-B9F29E7E29BC} = {64E48DC0-B825-4FAB-BB94-AA3AC2223760}
	EndGlobalSection
	GlobalSection(ExtensibilityGlobals) = postSolution
		SolutionGuid = {3F65FD45-6881-4BF5-9948-813DD9320A52}
	EndGlobalSection
EndGlobal
